// !$*UTF8*$!
{
	archiveVersion = 1;
	classes = {
	};
	objectVersion = 50;
	objects = {

/* Begin PBXBuildFile section */
		DEBAD98727A4BCEB0031C7D1 /* AppDelegate.swift in Sources */ = {isa = PBXBuildFile; fileRef = DEBAD98627A4BCEB0031C7D1 /* AppDelegate.swift */; };
		DEBAD98927A4BCEB0031C7D1 /* SceneDelegate.swift in Sources */ = {isa = PBXBuildFile; fileRef = DEBAD98827A4BCEB0031C7D1 /* SceneDelegate.swift */; };
		DEBAD98B27A4BCEB0031C7D1 /* ViewController.swift in Sources */ = {isa = PBXBuildFile; fileRef = DEBAD98A27A4BCEB0031C7D1 /* ViewController.swift */; };
		DEBAD98E27A4BCEB0031C7D1 /* Main.storyboard in Resources */ = {isa = PBXBuildFile; fileRef = DEBAD98C27A4BCEB0031C7D1 /* Main.storyboard */; };
		DEBAD99027A4BCF50031C7D1 /* Assets.xcassets in Resources */ = {isa = PBXBuildFile; fileRef = DEBAD98F27A4BCF50031C7D1 /* Assets.xcassets */; };
		DEBAD99327A4BCF50031C7D1 /* LaunchScreen.storyboard in Resources */ = {isa = PBXBuildFile; fileRef = DEBAD99127A4BCF50031C7D1 /* LaunchScreen.storyboard */; };
/* End PBXBuildFile section */

/* Begin PBXFileReference section */
		DEBAD98327A4BCEB0031C7D1 /* iOS-Test-kuda.app */ = {isa = PBXFileReference; explicitFileType = wrapper.application; includeInIndex = 0; path = "iOS-Test-kuda.app"; sourceTree = BUILT_PRODUCTS_DIR; };
		DEBAD98627A4BCEB0031C7D1 /* AppDelegate.swift */ = {isa = PBXFileReference; lastKnownFileType = sourcecode.swift; path = AppDelegate.swift; sourceTree = "<group>"; };
		DEBAD98827A4BCEB0031C7D1 /* SceneDelegate.swift */ = {isa = PBXFileReference; lastKnownFileType = sourcecode.swift; path = SceneDelegate.swift; sourceTree = "<group>"; };
		DEBAD98A27A4BCEB0031C7D1 /* ViewController.swift */ = {isa = PBXFileReference; lastKnownFileType = sourcecode.swift; path = ViewController.swift; sourceTree = "<group>"; };
		DEBAD98D27A4BCEB0031C7D1 /* Base */ = {isa = PBXFileReference; lastKnownFileType = file.storyboard; name = Base; path = Base.lproj/Main.storyboard; sourceTree = "<group>"; };
		DEBAD98F27A4BCF50031C7D1 /* Assets.xcassets */ = {isa = PBXFileReference; lastKnownFileType = folder.assetcatalog; path = Assets.xcassets; sourceTree = "<group>"; };
		DEBAD99227A4BCF50031C7D1 /* Base */ = {isa = PBXFileReference; lastKnownFileType = file.storyboard; name = Base; path = Base.lproj/LaunchScreen.storyboard; sourceTree = "<group>"; };
		DEBAD99427A4BCF50031C7D1 /* Info.plist */ = {isa = PBXFileReference; lastKnownFileType = text.plist.xml; path = Info.plist; sourceTree = "<group>"; };
/* End PBXFileReference section */

/* Begin PBXFrameworksBuildPhase section */
		DEBAD98027A4BCEB0031C7D1 /* Frameworks */ = {
			isa = PBXFrameworksBuildPhase;
			buildActionMask = 2147483647;
			files = (
			);
			runOnlyForDeploymentPostprocessing = 0;
		};
/* End PBXFrameworksBuildPhase section */

/* Begin PBXGroup section */
		DEBAD97A27A4BCEB0031C7D1 = {
			isa = PBXGroup;
			children = (
				DEBAD98527A4BCEB0031C7D1 /* iOS-Test-kuda */,
				DEBAD98427A4BCEB0031C7D1 /* Products */,
			);
			sourceTree = "<group>";
		};
		DEBAD98427A4BCEB0031C7D1 /* Products */ = {
			isa = PBXGroup;
			children = (
				DEBAD98327A4BCEB0031C7D1 /* iOS-Test-kuda.app */,
			);
			name = Products;
			sourceTree = "<group>";
		};
		DEBAD98527A4BCEB0031C7D1 /* iOS-Test-kuda */ = {
			isa = PBXGroup;
			children = (
				DEBAD98627A4BCEB0031C7D1 /* AppDelegate.swift */,
				DEBAD98827A4BCEB0031C7D1 /* SceneDelegate.swift */,
				DEBAD98A27A4BCEB0031C7D1 /* ViewController.swift */,
				DEBAD98C27A4BCEB0031C7D1 /* Main.storyboard */,
				DEBAD98F27A4BCF50031C7D1 /* Assets.xcassets */,
				DEBAD99127A4BCF50031C7D1 /* LaunchScreen.storyboard */,
				DEBAD99427A4BCF50031C7D1 /* Info.plist */,
			);
			path = "iOS-Test-kuda";
			sourceTree = "<group>";
		};
/* End PBXGroup section */

/* Begin PBXNativeTarget section */
		DEBAD98227A4BCEB0031C7D1 /* iOS-Test-kuda */ = {
			isa = PBXNativeTarget;
			buildConfigurationList = DEBAD99727A4BCF50031C7D1 /* Build configuration list for PBXNativeTarget "iOS-Test-kuda" */;
			buildPhases = (
				DEBAD97F27A4BCEB0031C7D1 /* Sources */,
				DEBAD98027A4BCEB0031C7D1 /* Frameworks */,
				DEBAD98127A4BCEB0031C7D1 /* Resources */,
			);
			buildRules = (
			);
			dependencies = (
			);
			name = "iOS-Test-kuda";
			productName = "iOS-Test-kuda";
			productReference = DEBAD98327A4BCEB0031C7D1 /* iOS-Test-kuda.app */;
			productType = "com.apple.product-type.application";
		};
/* End PBXNativeTarget section */

/* Begin PBXProject section */
		DEBAD97B27A4BCEB0031C7D1 /* Project object */ = {
			isa = PBXProject;
			attributes = {
				LastSwiftUpdateCheck = 1130;
				LastUpgradeCheck = 1130;
				ORGANIZATIONNAME = Umba;
				TargetAttributes = {
					DEBAD98227A4BCEB0031C7D1 = {
						CreatedOnToolsVersion = 11.3.1;
					};
				};
			};
			buildConfigurationList = DEBAD97E27A4BCEB0031C7D1 /* Build configuration list for PBXProject "iOS-Test-kuda" */;
			compatibilityVersion = "Xcode 9.3";
			developmentRegion = en;
			hasScannedForEncodings = 0;
			knownRegions = (
				en,
				Base,
			);
			mainGroup = DEBAD97A27A4BCEB0031C7D1;
			productRefGroup = DEBAD98427A4BCEB0031C7D1 /* Products */;
			projectDirPath = "";
			projectRoot = "";
			targets = (
				DEBAD98227A4BCEB0031C7D1 /* iOS-Test-kuda */,
			);
		};
/* End PBXProject section */

/* Begin PBXResourcesBuildPhase section */
		DEBAD98127A4BCEB0031C7D1 /* Resources */ = {
			isa = PBXResourcesBuildPhase;
			buildActionMask = 2147483647;
			files = (
				DEBAD99327A4BCF50031C7D1 /* LaunchScreen.storyboard in Resources */,
				DEBAD99027A4BCF50031C7D1 /* Assets.xcassets in Resources */,
				DEBAD98E27A4BCEB0031C7D1 /* Main.storyboard in Resources */,
			);
			runOnlyForDeploymentPostprocessing = 0;
		};
/* End PBXResourcesBuildPhase section */

/* Begin PBXSourcesBuildPhase section */
		DEBAD97F27A4BCEB0031C7D1 /* Sources */ = {
			isa = PBXSourcesBuildPhase;
			buildActionMask = 2147483647;
			files = (
				DEBAD98B27A4BCEB0031C7D1 /* ViewController.swift in Sources */,
				DEBAD98727A4BCEB0031C7D1 /* AppDelegate.swift in Sources */,
				DEBAD98927A4BCEB0031C7D1 /* SceneDelegate.swift in Sources */,
			);
			runOnlyForDeploymentPostprocessing = 0;
		};
/* End PBXSourcesBuildPhase section */

/* Begin PBXVariantGroup section */
		DEBAD98C27A4BCEB0031C7D1 /* Main.storyboard */ = {
			isa = PBXVariantGroup;
			children = (
				DEBAD98D27A4BCEB0031C7D1 /* Base */,
			);
			name = Main.storyboard;
			sourceTree = "<group>";
		};
		DEBAD99127A4BCF50031C7D1 /* LaunchScreen.storyboard */ = {
			isa = PBXVariantGroup;
			children = (
				DEBAD99227A4BCF50031C7D1 /* Base */,
			);
			name = LaunchScreen.storyboard;
			sourceTree = "<group>";
		};
/* End PBXVariantGroup section */

/* Begin XCBuildConfiguration section */
		DEBAD99527A4BCF50031C7D1 /* Debug */ = {
			isa = XCBuildConfiguration;
			buildSettings = {
				ALWAYS_SEARCH_USER_PATHS = NO;
				CLANG_ANALYZER_NONNULL = YES;
				CLANG_ANALYZER_NUMBER_OBJECT_CONVERSION = YES_AGGRESSIVE;
				CLANG_CXX_LANGUAGE_STANDARD = "gnu++14";
				CLANG_CXX_LIBRARY = "libc++";
				CLANG_ENABLE_MODULES = YES;
				CLANG_ENABLE_OBJC_ARC = YES;
				CLANG_ENABLE_OBJC_WEAK = YES;
				CLANG_WARN_BLOCK_CAPTURE_AUTORELEASING = YES;
				CLANG_WARN_BOOL_CONVERSION = YES;
				CLANG_WARN_COMMA = YES;
				CLANG_WARN_CONSTANT_CONVERSION = YES;
				CLANG_WARN_DEPRECATED_OBJC_IMPLEMENTATIONS = YES;
				CLANG_WARN_DIRECT_OBJC_ISA_USAGE = YES_ERROR;
				CLANG_WARN_DOCUMENTATION_COMMENTS = YES;
				CLANG_WARN_EMPTY_BODY = YES;
				CLANG_WARN_ENUM_CONVERSION = YES;
				CLANG_WARN_INFINITE_RECURSION = YES;
				CLANG_WARN_INT_CONVERSION = YES;
				CLANG_WARN_NON_LITERAL_NULL_CONVERSION = YES;
				CLANG_WARN_OBJC_IMPLICIT_RETAIN_SELF = YES;
				CLANG_WARN_OBJC_LITERAL_CONVERSION = YES;
				CLANG_WARN_OBJC_ROOT_CLASS = YES_ERROR;
				CLANG_WARN_RANGE_LOOP_ANALYSIS = YES;
				CLANG_WARN_STRICT_PROTOTYPES = YES;
				CLANG_WARN_SUSPICIOUS_MOVE = YES;
				CLANG_WARN_UNGUARDED_AVAILABILITY = YES_AGGRESSIVE;
				CLANG_WARN_UNREACHABLE_CODE = YES;
				CLANG_WARN__DUPLICATE_METHOD_MATCH = YES;
				COPY_PHASE_STRIP = NO;
				DEBUG_INFORMATION_FORMAT = dwarf;
				ENABLE_STRICT_OBJC_MSGSEND = YES;
				ENABLE_TESTABILITY = YES;
				GCC_C_LANGUAGE_STANDARD = gnu11;
				GCC_DYNAMIC_NO_PIC = NO;
				GCC_NO_COMMON_BLOCKS = YES;
				GCC_OPTIMIZATION_LEVEL = 0;
				GCC_PREPROCESSOR_DEFINITIONS = (
					"DEBUG=1",
					"$(inherited)",
				);
				GCC_WARN_64_TO_32_BIT_CONVERSION = YES;
				GCC_WARN_ABOUT_RETURN_TYPE = YES_ERROR;
				GCC_WARN_UNDECLARED_SELECTOR = YES;
				GCC_WARN_UNINITIALIZED_AUTOS = YES_AGGRESSIVE;
				GCC_WARN_UNUSED_FUNCTION = YES;
				GCC_WARN_UNUSED_VARIABLE = YES;
				IPHONEOS_DEPLOYMENT_TARGET = 13.2;
				MTL_ENABLE_DEBUG_INFO = INCLUDE_SOURCE;
				MTL_FAST_MATH = YES;
				ONLY_ACTIVE_ARCH = YES;
				SDKROOT = iphoneos;
				SWIFT_ACTIVE_COMPILATION_CONDITIONS = DEBUG;
				SWIFT_OPTIMIZATION_LEVEL = "-Onone";
			};
			name = Debug;
		};
		DEBAD99627A4BCF50031C7D1 /* Release */ = {
			isa = XCBuildConfiguration;
			buildSettings = {
				ALWAYS_SEARCH_USER_PATHS = NO;
				CLANG_ANALYZER_NONNULL = YES;
				CLANG_ANALYZER_NUMBER_OBJECT_CONVERSION = YES_AGGRESSIVE;
				CLANG_CXX_LANGUAGE_STANDARD = "gnu++14";
				CLANG_CXX_LIBRARY = "libc++";
				CLANG_ENABLE_MODULES = YES;
				CLANG_ENABLE_OBJC_ARC = YES;
				CLANG_ENABLE_OBJC_WEAK = YES;
				CLANG_WARN_BLOCK_CAPTURE_AUTORELEASING = YES;
				CLANG_WARN_BOOL_CONVERSION = YES;
				CLANG_WARN_COMMA = YES;
				CLANG_WARN_CONSTANT_CONVERSION = YES;
				CLANG_WARN_DEPRECATED_OBJC_IMPLEMENTATIONS = YES;
				CLANG_WARN_DIRECT_OBJC_ISA_USAGE = YES_ERROR;
				CLANG_WARN_DOCUMENTATION_COMMENTS = YES;
				CLANG_WARN_EMPTY_BODY = YES;
				CLANG_WARN_ENUM_CONVERSION = YES;
				CLANG_WARN_INFINITE_RECURSION = YES;
				CLANG_WARN_INT_CONVERSION = YES;
				CLANG_WARN_NON_LITERAL_NULL_CONVERSION = YES;
				CLANG_WARN_OBJC_IMPLICIT_RETAIN_SELF = YES;
				CLANG_WARN_OBJC_LITERAL_CONVERSION = YES;
				CLANG_WARN_OBJC_ROOT_CLASS = YES_ERROR;
				CLANG_WARN_RANGE_LOOP_ANALYSIS = YES;
				CLANG_WARN_STRICT_PROTOTYPES = YES;
				CLANG_WARN_SUSPICIOUS_MOVE = YES;
				CLANG_WARN_UNGUARDED_AVAILABILITY = YES_AGGRESSIVE;
				CLANG_WARN_UNREACHABLE_CODE = YES;
				CLANG_WARN__DUPLICATE_METHOD_MATCH = YES;
				COPY_PHASE_STRIP = NO;
				DEBUG_INFORMATION_FORMAT = "dwarf-with-dsym";
				ENABLE_NS_ASSERTIONS = NO;
				ENABLE_STRICT_OBJC_MSGSEND = YES;
				GCC_C_LANGUAGE_STANDARD = gnu11;
				GCC_NO_COMMON_BLOCKS = YES;
				GCC_WARN_64_TO_32_BIT_CONVERSION = YES;
				GCC_WARN_ABOUT_RETURN_TYPE = YES_ERROR;
				GCC_WARN_UNDECLARED_SELECTOR = YES;
				GCC_WARN_UNINITIALIZED_AUTOS = YES_AGGRESSIVE;
				GCC_WARN_UNUSED_FUNCTION = YES;
				GCC_WARN_UNUSED_VARIABLE = YES;
				IPHONEOS_DEPLOYMENT_TARGET = 13.2;
				MTL_ENABLE_DEBUG_INFO = NO;
				MTL_FAST_MATH = YES;
				SDKROOT = iphoneos;
				SWIFT_COMPILATION_MODE = wholemodule;
				SWIFT_OPTIMIZATION_LEVEL = "-O";
				VALIDATE_PRODUCT = YES;
			};
			name = Release;
		};
		DEBAD99827A4BCF50031C7D1 /* Debug */ = {
			isa = XCBuildConfiguration;
			buildSettings = {
				ASSETCATALOG_COMPILER_APPICON_NAME = AppIcon;
				CODE_SIGN_STYLE = Automatic;
				DEVELOPMENT_TEAM = 22FN4D2YAD;
				INFOPLIST_FILE = "iOS-Test-kuda/Info.plist";
				LD_RUNPATH_SEARCH_PATHS = (
					"$(inherited)",
					"@executable_path/Frameworks",
				);
				PRODUCT_BUNDLE_IDENTIFIER = "com.kuda.iOS-Test-kuda";
				PRODUCT_NAME = "$(TARGET_NAME)";
				SWIFT_VERSION = 5.0;
				TARGETED_DEVICE_FAMILY = "1,2";
			};
			name = Debug;
		};
		DEBAD99927A4BCF50031C7D1 /* Release */ = {
			isa = XCBuildConfiguration;
			buildSettings = {
				ASSETCATALOG_COMPILER_APPICON_NAME = AppIcon;
				CODE_SIGN_STYLE = Automatic;
				DEVELOPMENT_TEAM = 22FN4D2YAD;
				INFOPLIST_FILE = "iOS-Test-kuda/Info.plist";
				LD_RUNPATH_SEARCH_PATHS = (
					"$(inherited)",
					"@executable_path/Frameworks",
				);
				PRODUCT_BUNDLE_IDENTIFIER = "com.kuda.iOS-Test-kuda";
				PRODUCT_NAME = "$(TARGET_NAME)";
				SWIFT_VERSION = 5.0;
				TARGETED_DEVICE_FAMILY = "1,2";
			};
			name = Release;
		};
/* End XCBuildConfiguration section */

/* Begin XCConfigurationList section */
		DEBAD97E27A4BCEB0031C7D1 /* Build configuration list for PBXProject "iOS-Test-kuda" */ = {
			isa = XCConfigurationList;
			buildConfigurations = (
				DEBAD99527A4BCF50031C7D1 /* Debug */,
				DEBAD99627A4BCF50031C7D1 /* Release */,
			);
			defaultConfigurationIsVisible = 0;
			defaultConfigurationName = Release;
		};
		DEBAD99727A4BCF50031C7D1 /* Build configuration list for PBXNativeTarget "iOS-Test-kuda" */ = {
			isa = XCConfigurationList;
			buildConfigurations = (
				DEBAD99827A4BCF50031C7D1 /* Debug */,
				DEBAD99927A4BCF50031C7D1 /* Release */,
			);
			defaultConfigurationIsVisible = 0;
			defaultConfigurationName = Release;
		};
/* End XCConfigurationList section */
	};
	rootObject = DEBAD97B27A4BCEB0031C7D1 /* Project object */;
}
